
Microsoft Visual Studio Solution File, Format Version 12.00
# Visual Studio 15
VisualStudioVersion = 15.0.28307.329
MinimumVisualStudioVersion = 10.0.40219.1
Project("{9A19103F-16F7-4668-BE54-9A1E7A4F7556}") = "Common", "Common\Common.csproj", "{BF4C275F-1D6F-42F8-8846-7FCB7345E2C4}"
EndProject
Project("{9A19103F-16F7-4668-BE54-9A1E7A4F7556}") = "DtosBenchmark", "DtosBenchmark\DtosBenchmark.csproj", "{4372A785-5D52-44AE-8148-DA761281CFD6}"
EndProject
Project("{9A19103F-16F7-4668-BE54-9A1E7A4F7556}") = "RunBenchmark", "RunBenchmark\RunBenchmark.csproj", "{D809E2ED-4205-4661-9400-B1115AC85B9D}"
EndProject
Project("{9A19103F-16F7-4668-BE54-9A1E7A4F7556}") = "DrawingAppStruct", "DrawingAppStruct\DrawingAppStruct.csproj", "{35B1B68E-639D-44AE-8DA2-0165D29F6396}"
EndProject
Project("{9A19103F-16F7-4668-BE54-9A1E7A4F7556}") = "DrawingAppClass", "DrawingAppClass\DrawingAppClass.csproj", "{8594500A-4CDE-4C79-AEBA-3885906348AA}"
EndProject
Global
	GlobalSection(SolutionConfigurationPlatforms) = preSolution
		Debug|Any CPU = Debug|Any CPU
		Release|Any CPU = Release|Any CPU
	EndGlobalSection
	GlobalSection(ProjectConfigurationPlatforms) = postSolution
		{BF4C275F-1D6F-42F8-8846-7FCB7345E2C4}.Debug|Any CPU.ActiveCfg = Debug|Any CPU
		{BF4C275F-1D6F-42F8-8846-7FCB7345E2C4}.Debug|Any CPU.Build.0 = Debug|Any CPU
		{BF4C275F-1D6F-42F8-8846-7FCB7345E2C4}.Release|Any CPU.ActiveCfg = Release|Any CPU
		{BF4C275F-1D6F-42F8-8846-7FCB7345E2C4}.Release|Any CPU.Build.0 = Release|Any CPU
		{4372A785-5D52-44AE-8148-DA761281CFD6}.Debug|Any CPU.ActiveCfg = Debug|Any CPU
		{4372A785-5D52-44AE-8148-DA761281CFD6}.Debug|Any CPU.Build.0 = Debug|Any CPU
		{4372A785-5D52-44AE-8148-DA761281CFD6}.Release|Any CPU.ActiveCfg = Release|Any CPU
		{4372A785-5D52-44AE-8148-DA761281CFD6}.Release|Any CPU.Build.0 = Release|Any CPU
		{D809E2ED-4205-4661-9400-B1115AC85B9D}.Debug|Any CPU.ActiveCfg = Debug|Any CPU
		{D809E2ED-4205-4661-9400-B1115AC85B9D}.Debug|Any CPU.Build.0 = Debug|Any CPU
		{D809E2ED-4205-4661-9400-B1115AC85B9D}.Release|Any CPU.ActiveCfg = Release|Any CPU
		{D809E2ED-4205-4661-9400-B1115AC85B9D}.Release|Any CPU.Build.0 = Release|Any CPU
		{35B1B68E-639D-44AE-8DA2-0165D29F6396}.Debug|Any CPU.ActiveCfg = Debug|Any CPU
		{35B1B68E-639D-44AE-8DA2-0165D29F6396}.Debug|Any CPU.Build.0 = Debug|Any CPU
		{35B1B68E-639D-44AE-8DA2-0165D29F6396}.Release|Any CPU.ActiveCfg = Release|Any CPU
		{35B1B68E-639D-44AE-8DA2-0165D29F6396}.Release|Any CPU.Build.0 = Release|Any CPU
		{8594500A-4CDE-4C79-AEBA-3885906348AA}.Debug|Any CPU.ActiveCfg = Debug|Any CPU
		{8594500A-4CDE-4C79-AEBA-3885906348AA}.Debug|Any CPU.Build.0 = Debug|Any CPU
		{8594500A-4CDE-4C79-AEBA-3885906348AA}.Release|Any CPU.ActiveCfg = Release|Any CPU
		{8594500A-4CDE-4C79-AEBA-3885906348AA}.Release|Any CPU.Build.0 = Release|Any CPU
	EndGlobalSection
	GlobalSection(SolutionProperties) = preSolution
		HideSolutionNode = FALSE
	EndGlobalSection
	GlobalSection(ExtensibilityGlobals) = postSolution
		SolutionGuid = {6CD36202-B58A-4E12-B0BF-B4C71AE9BA10}
	EndGlobalSection
EndGlobal
